
Microsoft Visual Studio Solution File, Format Version 12.00
# Visual Studio Version 17
VisualStudioVersion = 17.10.35122.118
MinimumVisualStudioVersion = 10.0.40219.1
Project("{FAE04EC0-301F-11D3-BF4B-00C04F79EFBC}") = "BackEnd", "BackEnd\BackEnd.csproj", "{4BE453AF-B3D9-4AE2-BB99-1D330F3A8C64}"
EndProject
Global
	GlobalSection(SolutionConfigurationPlatforms) = preSolution
		Debug|Any CPU = Debug|Any CPU
		Release|Any CPU = Release|Any CPU
	EndGlobalSection
	GlobalSection(ProjectConfigurationPlatforms) = postSolution
		{4BE453AF-B3D9-4AE2-BB99-1D330F3A8C64}.Debug|Any CPU.ActiveCfg = Debug|Any CPU
		{4BE453AF-B3D9-4AE2-BB99-1D330F3A8C64}.Debug|Any CPU.Build.0 = Debug|Any CPU
		{4BE453AF-B3D9-4AE2-BB99-1D330F3A8C64}.Release|Any CPU.ActiveCfg = Release|Any CPU
		{4BE453AF-B3D9-4AE2-BB99-1D330F3A8C64}.Release|Any CPU.Build.0 = Release|Any CPU
	EndGlobalSection
	GlobalSection(SolutionProperties) = preSolution
		HideSolutionNode = FALSE
	EndGlobalSection
	GlobalSection(ExtensibilityGlobals) = postSolution
		SolutionGuid = {AACEBA74-AA4F-4FD7-8F27-6EA1207489A1}
	EndGlobalSection
EndGlobal
